
Microsoft Visual Studio Solution File, Format Version 12.00
# Visual Studio Version 17
VisualStudioVersion = 17.5.33530.505
MinimumVisualStudioVersion = 10.0.40219.1
Project("{9A19103F-16F7-4668-BE54-9A1E7A4F7556}") = "Anagram", "Anagram\Anagram.csproj", "{4782CEAE-7742-44D3-ACD0-E7B472C3D4B8}"
EndProject
Project("{9A19103F-16F7-4668-BE54-9A1E7A4F7556}") = "Anagram.Tests", "TextReverseTests\Anagram.Tests.csproj", "{DC6C6F68-0104-416A-AF60-92D02B4A3326}"
EndProject
Global
	GlobalSection(SolutionConfigurationPlatforms) = preSolution
		Debug|Any CPU = Debug|Any CPU
		Release|Any CPU = Release|Any CPU
	EndGlobalSection
	GlobalSection(ProjectConfigurationPlatforms) = postSolution
		{4782CEAE-7742-44D3-ACD0-E7B472C3D4B8}.Debug|Any CPU.ActiveCfg = Debug|Any CPU
		{4782CEAE-7742-44D3-ACD0-E7B472C3D4B8}.Debug|Any CPU.Build.0 = Debug|Any CPU
		{4782CEAE-7742-44D3-ACD0-E7B472C3D4B8}.Release|Any CPU.ActiveCfg = Release|Any CPU
		{4782CEAE-7742-44D3-ACD0-E7B472C3D4B8}.Release|Any CPU.Build.0 = Release|Any CPU
		{DC6C6F68-0104-416A-AF60-92D02B4A3326}.Debug|Any CPU.ActiveCfg = Debug|Any CPU
		{DC6C6F68-0104-416A-AF60-92D02B4A3326}.Debug|Any CPU.Build.0 = Debug|Any CPU
		{DC6C6F68-0104-416A-AF60-92D02B4A3326}.Release|Any CPU.ActiveCfg = Release|Any CPU
		{DC6C6F68-0104-416A-AF60-92D02B4A3326}.Release|Any CPU.Build.0 = Release|Any CPU
	EndGlobalSection
	GlobalSection(SolutionProperties) = preSolution
		HideSolutionNode = FALSE
	EndGlobalSection
	GlobalSection(ExtensibilityGlobals) = postSolution
		SolutionGuid = {484A6AE1-DDCA-4000-86AC-C09BBF33BF7F}
	EndGlobalSection
EndGlobal
